
Microsoft Visual Studio Solution File, Format Version 12.00
# Visual Studio Version 17
VisualStudioVersion = 17.11.35327.3
MinimumVisualStudioVersion = 10.0.40219.1
Project("{FAE04EC0-301F-11D3-BF4B-00C04F79EFBC}") = "WindowsFormsApp7", "WindowsFormsApp7\WindowsFormsApp7.csproj", "{D2255610-3054-4404-B9CA-41C146A07109}"
EndProject
Global
	GlobalSection(SolutionConfigurationPlatforms) = preSolution
		Debug|Any CPU = Debug|Any CPU
		Release|Any CPU = Release|Any CPU
	EndGlobalSection
	GlobalSection(ProjectConfigurationPlatforms) = postSolution
		{D2255610-3054-4404-B9CA-41C146A07109}.Debug|Any CPU.ActiveCfg = Debug|Any CPU
		{D2255610-3054-4404-B9CA-41C146A07109}.Debug|Any CPU.Build.0 = Debug|Any CPU
		{D2255610-3054-4404-B9CA-41C146A07109}.Release|Any CPU.ActiveCfg = Release|Any CPU
		{D2255610-3054-4404-B9CA-41C146A07109}.Release|Any CPU.Build.0 = Release|Any CPU
	EndGlobalSection
	GlobalSection(SolutionProperties) = preSolution
		HideSolutionNode = FALSE
	EndGlobalSection
	GlobalSection(ExtensibilityGlobals) = postSolution
		SolutionGuid = {2C0EF8E7-6EE5-455B-B8F9-AC1CB2CBF767}
	EndGlobalSection
EndGlobal
